
Microsoft Visual Studio Solution File, Format Version 12.00
Project("{FAE04EC0-301F-11D3-BF4B-00C04F79EFBC}") = "TinyUrl", "TinyUrl\TinyUrl.csproj", "{92D9A9FD-6FF1-4EA5-93D0-DD0444DD53E2}"
EndProject
Project("{FAE04EC0-301F-11D3-BF4B-00C04F79EFBC}") = "TinyUrl.NUnit", "TinyUrl.NUnit\TinyUrl.NUnit.csproj", "{FA36D0E6-BC44-4934-86EE-FD0515DF72B3}"
EndProject
Global
	GlobalSection(SolutionConfigurationPlatforms) = preSolution
		Debug|Any CPU = Debug|Any CPU
		Release|Any CPU = Release|Any CPU
	EndGlobalSection
	GlobalSection(ProjectConfigurationPlatforms) = postSolution
		{92D9A9FD-6FF1-4EA5-93D0-DD0444DD53E2}.Debug|Any CPU.ActiveCfg = Debug|Any CPU
		{92D9A9FD-6FF1-4EA5-93D0-DD0444DD53E2}.Debug|Any CPU.Build.0 = Debug|Any CPU
		{92D9A9FD-6FF1-4EA5-93D0-DD0444DD53E2}.Release|Any CPU.ActiveCfg = Release|Any CPU
		{92D9A9FD-6FF1-4EA5-93D0-DD0444DD53E2}.Release|Any CPU.Build.0 = Release|Any CPU
		{FA36D0E6-BC44-4934-86EE-FD0515DF72B3}.Debug|Any CPU.ActiveCfg = Debug|Any CPU
		{FA36D0E6-BC44-4934-86EE-FD0515DF72B3}.Debug|Any CPU.Build.0 = Debug|Any CPU
		{FA36D0E6-BC44-4934-86EE-FD0515DF72B3}.Release|Any CPU.ActiveCfg = Release|Any CPU
		{FA36D0E6-BC44-4934-86EE-FD0515DF72B3}.Release|Any CPU.Build.0 = Release|Any CPU
	EndGlobalSection
EndGlobal
